
Microsoft Visual Studio Solution File, Format Version 12.00
# Visual Studio 15
VisualStudioVersion = 15.0.28010.2016
MinimumVisualStudioVersion = 10.0.40219.1
Project("{9A19103F-16F7-4668-BE54-9A1E7A4F7556}") = "LogHelper", "LogHelper\LogHelper.csproj", "{EEFF642D-844F-496F-9D68-E93D92F71CE3}"
EndProject
Global
	GlobalSection(SolutionConfigurationPlatforms) = preSolution
		Debug|Any CPU = Debug|Any CPU
		Release|Any CPU = Release|Any CPU
	EndGlobalSection
	GlobalSection(ProjectConfigurationPlatforms) = postSolution
		{EEFF642D-844F-496F-9D68-E93D92F71CE3}.Debug|Any CPU.ActiveCfg = Debug|Any CPU
		{EEFF642D-844F-496F-9D68-E93D92F71CE3}.Debug|Any CPU.Build.0 = Debug|Any CPU
		{EEFF642D-844F-496F-9D68-E93D92F71CE3}.Release|Any CPU.ActiveCfg = Release|Any CPU
		{EEFF642D-844F-496F-9D68-E93D92F71CE3}.Release|Any CPU.Build.0 = Release|Any CPU
	EndGlobalSection
	GlobalSection(SolutionProperties) = preSolution
		HideSolutionNode = FALSE
	EndGlobalSection
	GlobalSection(ExtensibilityGlobals) = postSolution
		SolutionGuid = {DAA4DA9C-0267-4A96-A3FE-9742458B4B9A}
	EndGlobalSection
EndGlobal
